
Microsoft Visual Studio Solution File, Format Version 12.00
# Visual Studio Version 17
VisualStudioVersion = 17.1.32407.343
MinimumVisualStudioVersion = 10.0.40219.1
Project("{9A19103F-16F7-4668-BE54-9A1E7A4F7556}") = "Task_Managment", "Task_Managment\Task_Managment.csproj", "{7AC0A493-320A-4A16-A08C-D3615F2B17BC}"
EndProject
Project("{9A19103F-16F7-4668-BE54-9A1E7A4F7556}") = "Domain", "Domain\Domain.csproj", "{D4C17EC5-6E9F-4B77-AE86-17DE38D59904}"
EndProject
Project("{9A19103F-16F7-4668-BE54-9A1E7A4F7556}") = "Infrastructure", "Infrastructure\Infrastructure.csproj", "{F2473BB8-4B94-40BE-9051-3B62341D0FEB}"
EndProject
Project("{9A19103F-16F7-4668-BE54-9A1E7A4F7556}") = "Services", "Services\Services.csproj", "{70B8ED3A-1B09-4A6D-BA0C-2614C272216E}"
EndProject
Project("{FAE04EC0-301F-11D3-BF4B-00C04F79EFBC}") = "Common", "Common\Common.csproj", "{BBA75D8A-3B96-4AE0-96DB-9E172D1BF9E6}"
EndProject
Global
	GlobalSection(SolutionConfigurationPlatforms) = preSolution
		Debug|Any CPU = Debug|Any CPU
		Release|Any CPU = Release|Any CPU
	EndGlobalSection
	GlobalSection(ProjectConfigurationPlatforms) = postSolution
		{7AC0A493-320A-4A16-A08C-D3615F2B17BC}.Debug|Any CPU.ActiveCfg = Debug|Any CPU
		{7AC0A493-320A-4A16-A08C-D3615F2B17BC}.Debug|Any CPU.Build.0 = Debug|Any CPU
		{7AC0A493-320A-4A16-A08C-D3615F2B17BC}.Release|Any CPU.ActiveCfg = Release|Any CPU
		{7AC0A493-320A-4A16-A08C-D3615F2B17BC}.Release|Any CPU.Build.0 = Release|Any CPU
		{D4C17EC5-6E9F-4B77-AE86-17DE38D59904}.Debug|Any CPU.ActiveCfg = Debug|Any CPU
		{D4C17EC5-6E9F-4B77-AE86-17DE38D59904}.Debug|Any CPU.Build.0 = Debug|Any CPU
		{D4C17EC5-6E9F-4B77-AE86-17DE38D59904}.Release|Any CPU.ActiveCfg = Release|Any CPU
		{D4C17EC5-6E9F-4B77-AE86-17DE38D59904}.Release|Any CPU.Build.0 = Release|Any CPU
		{F2473BB8-4B94-40BE-9051-3B62341D0FEB}.Debug|Any CPU.ActiveCfg = Debug|Any CPU
		{F2473BB8-4B94-40BE-9051-3B62341D0FEB}.Debug|Any CPU.Build.0 = Debug|Any CPU
		{F2473BB8-4B94-40BE-9051-3B62341D0FEB}.Release|Any CPU.ActiveCfg = Release|Any CPU
		{F2473BB8-4B94-40BE-9051-3B62341D0FEB}.Release|Any CPU.Build.0 = Release|Any CPU
		{70B8ED3A-1B09-4A6D-BA0C-2614C272216E}.Debug|Any CPU.ActiveCfg = Debug|Any CPU
		{70B8ED3A-1B09-4A6D-BA0C-2614C272216E}.Debug|Any CPU.Build.0 = Debug|Any CPU
		{70B8ED3A-1B09-4A6D-BA0C-2614C272216E}.Release|Any CPU.ActiveCfg = Release|Any CPU
		{70B8ED3A-1B09-4A6D-BA0C-2614C272216E}.Release|Any CPU.Build.0 = Release|Any CPU
		{BBA75D8A-3B96-4AE0-96DB-9E172D1BF9E6}.Debug|Any CPU.ActiveCfg = Debug|Any CPU
		{BBA75D8A-3B96-4AE0-96DB-9E172D1BF9E6}.Debug|Any CPU.Build.0 = Debug|Any CPU
		{BBA75D8A-3B96-4AE0-96DB-9E172D1BF9E6}.Release|Any CPU.ActiveCfg = Release|Any CPU
		{BBA75D8A-3B96-4AE0-96DB-9E172D1BF9E6}.Release|Any CPU.Build.0 = Release|Any CPU
	EndGlobalSection
	GlobalSection(SolutionProperties) = preSolution
		HideSolutionNode = FALSE
	EndGlobalSection
	GlobalSection(ExtensibilityGlobals) = postSolution
		SolutionGuid = {80F3F89A-10D9-4461-B14F-B870062D4680}
	EndGlobalSection
EndGlobal
